
Microsoft Visual Studio Solution File, Format Version 12.00
# Visual Studio 15
VisualStudioVersion = 15.0.28307.902
MinimumVisualStudioVersion = 10.0.40219.1
Project("{FAE04EC0-301F-11D3-BF4B-00C04F79EFBC}") = "EecommerAPI", "EecommerAPI\EecommerAPI.csproj", "{1F9FF78D-3871-444D-8475-4E432538EF4E}"
EndProject
Project("{FAE04EC0-301F-11D3-BF4B-00C04F79EFBC}") = "CDAL", "CDAL\CDAL.csproj", "{790A1DE9-822E-4CC7-A68B-E7B1C454A559}"
EndProject
Project("{FAE04EC0-301F-11D3-BF4B-00C04F79EFBC}") = "BL", "BL\BL.csproj", "{B1D46E5C-DC44-493A-A62A-27B2E349AF79}"
EndProject
Project("{FAE04EC0-301F-11D3-BF4B-00C04F79EFBC}") = "BE", "BE\BE.csproj", "{CAEFCA96-BA55-4CE1-A3FA-449B3A97402A}"
EndProject
Global
	GlobalSection(SolutionConfigurationPlatforms) = preSolution
		Debug|Any CPU = Debug|Any CPU
		Release|Any CPU = Release|Any CPU
	EndGlobalSection
	GlobalSection(ProjectConfigurationPlatforms) = postSolution
		{1F9FF78D-3871-444D-8475-4E432538EF4E}.Debug|Any CPU.ActiveCfg = Debug|Any CPU
		{1F9FF78D-3871-444D-8475-4E432538EF4E}.Debug|Any CPU.Build.0 = Debug|Any CPU
		{1F9FF78D-3871-444D-8475-4E432538EF4E}.Release|Any CPU.ActiveCfg = Release|Any CPU
		{1F9FF78D-3871-444D-8475-4E432538EF4E}.Release|Any CPU.Build.0 = Release|Any CPU
		{790A1DE9-822E-4CC7-A68B-E7B1C454A559}.Debug|Any CPU.ActiveCfg = Debug|Any CPU
		{790A1DE9-822E-4CC7-A68B-E7B1C454A559}.Debug|Any CPU.Build.0 = Debug|Any CPU
		{790A1DE9-822E-4CC7-A68B-E7B1C454A559}.Release|Any CPU.ActiveCfg = Release|Any CPU
		{790A1DE9-822E-4CC7-A68B-E7B1C454A559}.Release|Any CPU.Build.0 = Release|Any CPU
		{B1D46E5C-DC44-493A-A62A-27B2E349AF79}.Debug|Any CPU.ActiveCfg = Debug|Any CPU
		{B1D46E5C-DC44-493A-A62A-27B2E349AF79}.Debug|Any CPU.Build.0 = Debug|Any CPU
		{B1D46E5C-DC44-493A-A62A-27B2E349AF79}.Release|Any CPU.ActiveCfg = Release|Any CPU
		{B1D46E5C-DC44-493A-A62A-27B2E349AF79}.Release|Any CPU.Build.0 = Release|Any CPU
		{CAEFCA96-BA55-4CE1-A3FA-449B3A97402A}.Debug|Any CPU.ActiveCfg = Debug|Any CPU
		{CAEFCA96-BA55-4CE1-A3FA-449B3A97402A}.Debug|Any CPU.Build.0 = Debug|Any CPU
		{CAEFCA96-BA55-4CE1-A3FA-449B3A97402A}.Release|Any CPU.ActiveCfg = Release|Any CPU
		{CAEFCA96-BA55-4CE1-A3FA-449B3A97402A}.Release|Any CPU.Build.0 = Release|Any CPU
	EndGlobalSection
	GlobalSection(SolutionProperties) = preSolution
		HideSolutionNode = FALSE
	EndGlobalSection
	GlobalSection(ExtensibilityGlobals) = postSolution
		SolutionGuid = {839E3AAA-FA01-43A5-A62B-EAFD332934DC}
	EndGlobalSection
EndGlobal
